{
  "lockfile_version": "1",
  "packages": {
    "github:NixOS/nixpkgs/nixpkgs-unstable": {
      "last_modified": "2026-07-05T10:35:43Z",
      "resolved": "github:NixOS/nixpkgs/c4013e501c048ae7c4a8940c92837636042bf6c3?lastModified=1783247743&narHash=sha256-9b2xGt5CAd6WriPJOZs%2FEYXq9fGVCeoisYo1P3nhL2Y%3D"
    },
    "gjs@latest": {
      "last_modified": "2026-06-29T11:10:55Z",
      "resolved": "github:NixOS/nixpkgs/9c4c05a947a91dc14625265fab505fb695e93218#gjs",
      "source": "devbox-search",
      "version": "1.88.0",
      "systems": {
        "aarch64-darwin": {
          "outputs": [
            {
              "name": "out",
              "path": "/nix/store/8dyn90hmxkzrnr7jca43b4hn1wwgk6jn-gjs-1.88.0",
              "default": true
            },
            {
              "name": "dev",
              "path": "/nix/store/3ck7ir3wi56lcrlp2qmwn7kaqzjz4bw3-gjs-1.88.0-dev"
            },
            {
              "name": "installedTests",
              "path": "/nix/store/idyx7rqkhx0p2k7idqvdvlhzcdz6hajq-gjs-1.88.0-installedTests"
            }
          ],
          "store_path": "/nix/store/8dyn90hmxkzrnr7jca43b4hn1wwgk6jn-gjs-1.88.0"
        },
        "aarch64-linux": {
          "outputs": [
            {
              "name": "out",
              "path": "/nix/store/s2i6pd4jhd14007jsckhc9p4985xdr1m-gjs-1.88.0",
              "default": true
            },
            {
              "name": "debug",
              "path": "/nix/store/9z3w7r5rqxymx0dwngl2zxdrs99m912c-gjs-1.88.0-debug"
            },
            {
              "name": "dev",
              "path": "/nix/store/7zk2rsha4b4m73ivqsq9mc311gi71p81-gjs-1.88.0-dev"
            },
            {
              "name": "installedTests",
              "path": "/nix/store/v34cmylij1wdadar4i2xfjs478i1q6gc-gjs-1.88.0-installedTests"
            }
          ],
          "store_path": "/nix/store/s2i6pd4jhd14007jsckhc9p4985xdr1m-gjs-1.88.0"
        },
        "x86_64-darwin": {
          "outputs": [
            {
              "name": "out",
              "path": "/nix/store/fh4fj26fb9m12xnznf6x2w9rslc6ibdc-gjs-1.88.0",
              "default": true
            },
            {
              "name": "dev",
              "path": "/nix/store/q5cfq1lv501895hizdffrgf3aky923kq-gjs-1.88.0-dev"
            },
            {
              "name": "installedTests",
              "path": "/nix/store/z55i874pk6z0pacz4yp4rgcpgjhzlwbl-gjs-1.88.0-installedTests"
            }
          ],
          "store_path": "/nix/store/fh4fj26fb9m12xnznf6x2w9rslc6ibdc-gjs-1.88.0"
        },
        "x86_64-linux": {
          "outputs": [
            {
              "name": "out",
              "path": "/nix/store/31ff79ibl4svz2c6jdp7pr92a9svbrn5-gjs-1.88.0",
              "default": true
            },
            {
              "name": "debug",
              "path": "/nix/store/1dpl5pmfn95i87hfkf1yi0fzl48bl6n5-gjs-1.88.0-debug"
            },
            {
              "name": "dev",
              "path": "/nix/store/0b61k7rzhzkcx4nf38pii43z81jaf272-gjs-1.88.0-dev"
            },
            {
              "name": "installedTests",
              "path": "/nix/store/pxvmd4s0wcd37bml7sf4wl630xgfjr72-gjs-1.88.0-installedTests"
            }
          ],
          "store_path": "/nix/store/31ff79ibl4svz2c6jdp7pr92a9svbrn5-gjs-1.88.0"
        }
      }
    },
    "glib@latest": {
      "last_modified": "2026-06-29T19:19:24Z",
      "resolved": "github:NixOS/nixpkgs/7a1a64774a5fd0b0cd39ac95d0e170ace8b266a0#glib",
      "source": "devbox-search",
      "version": "2.88.1",
      "systems": {
        "aarch64-darwin": {
          "outputs": [
            {
              "name": "bin",
              "path": "/nix/store/swx7gvl2smh6p9laxp2x5kmbmj8wiw4i-glib-2.88.1-bin",
              "default": true
            },
            {
              "name": "dev",
              "path": "/nix/store/949ia8nshfgmgx27dyr2bdlla9mg843k-glib-2.88.1-dev"
            },
            {
              "name": "devdoc",
              "path": "/nix/store/p8qgn1fm2clwvaa37siy8x60dxilh91p-glib-2.88.1-devdoc"
            },
            {
              "name": "out",
              "path": "/nix/store/rlv8l2490fcpyq30xw5msrzw73q9lih5-glib-2.88.1"
            }
          ],
          "store_path": "/nix/store/swx7gvl2smh6p9laxp2x5kmbmj8wiw4i-glib-2.88.1-bin"
        },
        "aarch64-linux": {
          "outputs": [
            {
              "name": "bin",
              "path": "/nix/store/7z0zpjg41yjcvyhbl9cvs75fl354kph6-glib-2.88.1-bin",
              "default": true
            },
            {
              "name": "debug",
              "path": "/nix/store/71d0w6k15q91bl21cjbb8gn54lz3f7z8-glib-2.88.1-debug"
            },
            {
              "name": "dev",
              "path": "/nix/store/64kidzjqrxl74y8x5b01rabcq70a6bj6-glib-2.88.1-dev"
            },
            {
              "name": "devdoc",
              "path": "/nix/store/zb4qvbrfjxmzi7875qpi3ic0y3qmn9yi-glib-2.88.1-devdoc"
            },
            {
              "name": "out",
              "path": "/nix/store/simgk4242jr1jjcrxc5wxj6jlsrinm7p-glib-2.88.1"
            }
          ],
          "store_path": "/nix/store/7z0zpjg41yjcvyhbl9cvs75fl354kph6-glib-2.88.1-bin"
        },
        "x86_64-darwin": {
          "outputs": [
            {
              "name": "bin",
              "path": "/nix/store/1sajnqhb9j1ny3nnhkv6pa56hn4ilb87-glib-2.88.1-bin",
              "default": true
            },
            {
              "name": "out",
              "path": "/nix/store/58prnf1laj1yldyzywwzjs7sdnszja4s-glib-2.88.1"
            },
            {
              "name": "dev",
              "path": "/nix/store/jv6y2j2hw9vmkrpzy5qpk6s8j6961ywm-glib-2.88.1-dev"
            },
            {
              "name": "devdoc",
              "path": "/nix/store/qpnjcly30j8a4r0i9y38sd84skjrsjwk-glib-2.88.1-devdoc"
            }
          ],
          "store_path": "/nix/store/1sajnqhb9j1ny3nnhkv6pa56hn4ilb87-glib-2.88.1-bin"
        },
        "x86_64-linux": {
          "outputs": [
            {
              "name": "bin",
              "path": "/nix/store/3vvvgxggqj0rbvjk46y1n9xg8nbpzk2m-glib-2.88.1-bin",
              "default": true
            },
            {
              "name": "dev",
              "path": "/nix/store/a4cs5wyw21yhw4c81827b85cdy42vlw7-glib-2.88.1-dev"
            },
            {
              "name": "devdoc",
              "path": "/nix/store/v8559jb3ihhrvm4sa6wc2sxg05r672ij-glib-2.88.1-devdoc"
            },
            {
              "name": "out",
              "path": "/nix/store/7dl2py4dnp4ffj92r1lq0i54ik1v8kzn-glib-2.88.1"
            },
            {
              "name": "debug",
              "path": "/nix/store/lyg4vzwf8adnlwsi4ikyr44vq384imr3-glib-2.88.1-debug"
            }
          ],
          "store_path": "/nix/store/3vvvgxggqj0rbvjk46y1n9xg8nbpzk2m-glib-2.88.1-bin"
        }
      }
    },
    "just@latest": {
      "last_modified": "2026-06-27T07:37:20Z",
      "resolved": "github:NixOS/nixpkgs/3d46470bb3030020f7e1361f33514854f5bfa86d#just",
      "source": "devbox-search",
      "version": "1.54.0",
      "systems": {
        "aarch64-darwin": {
          "outputs": [
            {
              "name": "out",
              "path": "/nix/store/gdbxf7azmrwyr00k313r888rw3gr6mfd-just-1.54.0",
              "default": true
            },
            {
              "name": "man",
              "path": "/nix/store/y0476rym2901gafsxcr29w07778qdbf5-just-1.54.0-man",
              "default": true
            },
            {
              "name": "doc",
              "path": "/nix/store/viaamsidc2a6i9hsk7sslcin5ccisiba-just-1.54.0-doc"
            }
          ],
          "store_path": "/nix/store/gdbxf7azmrwyr00k313r888rw3gr6mfd-just-1.54.0"
        },
        "aarch64-linux": {
          "outputs": [
            {
              "name": "out",
              "path": "/nix/store/gbw1366v4d2hp3lffvz3k4bvig8h79vp-just-1.54.0",
              "default": true
            },
            {
              "name": "man",
              "path": "/nix/store/fsx5gcfax6fhhyb1cxq2a6r6qn7604wd-just-1.54.0-man",
              "default": true
            },
            {
              "name": "doc",
              "path": "/nix/store/vakwrh7cdzs3c7rklgbz3r0ivdd7v6dq-just-1.54.0-doc"
            }
          ],
          "store_path": "/nix/store/gbw1366v4d2hp3lffvz3k4bvig8h79vp-just-1.54.0"
        },
        "x86_64-darwin": {
          "outputs": [
            {
              "name": "out",
              "path": "/nix/store/qlms9i3zdsqpfwmdslpkl2xdcs6k76ba-just-1.54.0",
              "default": true
            },
            {
              "name": "man",
              "path": "/nix/store/x78s7737cb11q36isfcd11h24jff2h2p-just-1.54.0-man",
              "default": true
            },
            {
              "name": "doc",
              "path": "/nix/store/br88ib3kmmiydm96k4c2m4nnmrgq3zcj-just-1.54.0-doc"
            }
          ],
          "store_path": "/nix/store/qlms9i3zdsqpfwmdslpkl2xdcs6k76ba-just-1.54.0"
        },
        "x86_64-linux": {
          "outputs": [
            {
              "name": "out",
              "path": "/nix/store/jkvmgfmklm7q60sd4jl56h0315kbgi27-just-1.54.0",
              "default": true
            },
            {
              "name": "man",
              "path": "/nix/store/8y75gr1mhidc6b7x56kalk5ydqni9bf4-just-1.54.0-man",
              "default": true
            },
            {
              "name": "doc",
              "path": "/nix/store/ghqfn9gcdravrniw7iacpb46g00wf1fk-just-1.54.0-doc"
            }
          ],
          "store_path": "/nix/store/jkvmgfmklm7q60sd4jl56h0315kbgi27-just-1.54.0"
        }
      }
    },
    "oxlint@1.71.0": {
      "last_modified": "2026-06-29T11:10:55Z",
      "resolved": "github:NixOS/nixpkgs/9c4c05a947a91dc14625265fab505fb695e93218#oxlint",
      "source": "devbox-search",
      "version": "1.71.0",
      "systems": {
        "aarch64-darwin": {
          "outputs": [
            {
              "name": "out",
              "path": "/nix/store/sffxx0gv9g09fn3mnsqkqyljm2a7srzh-oxlint-1.71.0",
              "default": true
            }
          ],
          "store_path": "/nix/store/sffxx0gv9g09fn3mnsqkqyljm2a7srzh-oxlint-1.71.0"
        },
        "aarch64-linux": {
          "outputs": [
            {
              "name": "out",
              "path": "/nix/store/wilssadq9630354vxyqvx85gn6wkyxbs-oxlint-1.71.0",
              "default": true
            }
          ],
          "store_path": "/nix/store/wilssadq9630354vxyqvx85gn6wkyxbs-oxlint-1.71.0"
        },
        "x86_64-darwin": {
          "outputs": [
            {
              "name": "out",
              "path": "/nix/store/6aw9fp5bizqwxxp5lj0ny0gl8qgjnkkz-oxlint-1.71.0",
              "default": true
            }
          ],
          "store_path": "/nix/store/6aw9fp5bizqwxxp5lj0ny0gl8qgjnkkz-oxlint-1.71.0"
        },
        "x86_64-linux": {
          "outputs": [
            {
              "name": "out",
              "path": "/nix/store/xbvwsdph65q6lfaafbdjnc42d0w0a5z9-oxlint-1.71.0",
              "default": true
            }
          ],
          "store_path": "/nix/store/xbvwsdph65q6lfaafbdjnc42d0w0a5z9-oxlint-1.71.0"
        }
      }
    },
    "zip@latest": {
      "last_modified": "2026-06-27T07:37:20Z",
      "resolved": "github:NixOS/nixpkgs/3d46470bb3030020f7e1361f33514854f5bfa86d#zip",
      "source": "devbox-search",
      "version": "3.0",
      "systems": {
        "aarch64-darwin": {
          "outputs": [
            {
              "name": "out",
              "path": "/nix/store/syknlv9hv5y38rxp9v6c09l7gsmbcgrw-zip-3.0",
              "default": true
            }
          ],
          "store_path": "/nix/store/syknlv9hv5y38rxp9v6c09l7gsmbcgrw-zip-3.0"
        },
        "aarch64-linux": {
          "outputs": [
            {
              "name": "out",
              "path": "/nix/store/j6s1lqxc199nkphpcc7i5nscl7nlyr98-zip-3.0",
              "default": true
            }
          ],
          "store_path": "/nix/store/j6s1lqxc199nkphpcc7i5nscl7nlyr98-zip-3.0"
        },
        "x86_64-darwin": {
          "outputs": [
            {
              "name": "out",
              "path": "/nix/store/skd0qiryfvd66k6qa9dmign05hvlqqpj-zip-3.0",
              "default": true
            }
          ],
          "store_path": "/nix/store/skd0qiryfvd66k6qa9dmign05hvlqqpj-zip-3.0"
        },
        "x86_64-linux": {
          "outputs": [
            {
              "name": "out",
              "path": "/nix/store/xzfinwy4j977sbqv771d2m8zbp3l1z48-zip-3.0",
              "default": true
            }
          ],
          "store_path": "/nix/store/xzfinwy4j977sbqv771d2m8zbp3l1z48-zip-3.0"
        }
      }
    }
  }
}
