{
  "lockfile_version": "1",
  "packages": {
    "bun@latest": {
      "last_modified": "2026-08-16T22:25:34Z",
      "resolved": "github:NixOS/nixpkgs/21e032ff95225fb81164a2b2b696c5f6841fcb62#bun",
      "source": "devbox-search",
      "version": "1.3.13",
      "systems": {
        "aarch64-darwin": {
          "outputs": [
            {
              "name": "out",
              "path": "/nix/store/kr5pp7mlvn17sj4z3kc2bi7cnihns1bf-bun-1.3.13",
              "default": true
            }
          ],
          "store_path": "/nix/store/kr5pp7mlvn17sj4z3kc2bi7cnihns1bf-bun-1.3.13"
        },
        "aarch64-linux": {
          "outputs": [
            {
              "name": "out",
              "path": "/nix/store/k6b8s259p59ckiahvg9pcmz0yhy4kvlh-bun-1.3.13",
              "default": true
            }
          ],
          "store_path": "/nix/store/k6b8s259p59ckiahvg9pcmz0yhy4kvlh-bun-1.3.13"
        },
        "x86_64-darwin": {
          "outputs": [
            {
              "name": "out",
              "path": "/nix/store/wn9cggwqflvqryxxb9xinl9iygndm8d9-bun-1.3.13",
              "default": true
            }
          ],
          "store_path": "/nix/store/wn9cggwqflvqryxxb9xinl9iygndm8d9-bun-1.3.13"
        },
        "x86_64-linux": {
          "outputs": [
            {
              "name": "out",
              "path": "/nix/store/dynr642xrg1fib1y2ry70hybjmzvqz3y-bun-1.3.13",
              "default": true
            }
          ],
          "store_path": "/nix/store/dynr642xrg1fib1y2ry70hybjmzvqz3y-bun-1.3.13"
        }
      }
    },
    "ffmpeg@latest": {
      "last_modified": "2026-08-17T10:51:46Z",
      "resolved": "github:NixOS/nixpkgs/f4b6996c4e8b9ee06ce147ec344c885f51071b14#ffmpeg",
      "source": "devbox-search",
      "version": "9.0",
      "systems": {
        "aarch64-darwin": {
          "outputs": [
            {
              "name": "bin",
              "path": "/nix/store/acjj5idqmabj4haw3p2by1jy9jjc590b-ffmpeg-9.0-bin",
              "default": true
            },
            {
              "name": "man",
              "path": "/nix/store/nxhd6q2m5m7w9k40cyyvx6rah2y2dkq1-ffmpeg-9.0-man",
              "default": true
            },
            {
              "name": "data",
              "path": "/nix/store/5c929js7iplxx9h1wlqw9grfdss61719-ffmpeg-9.0-data"
            },
            {
              "name": "dev",
              "path": "/nix/store/hlvakz4wmjfam9bkm45g16mplmhzbs9b-ffmpeg-9.0-dev"
            },
            {
              "name": "doc",
              "path": "/nix/store/p9jg77x4mldixz9l25mclxn1mjn4xznh-ffmpeg-9.0-doc"
            },
            {
              "name": "lib",
              "path": "/nix/store/aj6wl80c6ykdi231cbi0magvrnjv4iyl-ffmpeg-9.0-lib"
            },
            {
              "name": "out",
              "path": "/nix/store/8lqja36ab9qx8m3rdf6pq716sffi138j-ffmpeg-9.0"
            }
          ],
          "store_path": "/nix/store/acjj5idqmabj4haw3p2by1jy9jjc590b-ffmpeg-9.0-bin"
        },
        "aarch64-linux": {
          "outputs": [
            {
              "name": "bin",
              "path": "/nix/store/kz2l9iyiiy5n3gdsdhsbxasry95h6lhj-ffmpeg-9.0-bin",
              "default": true
            },
            {
              "name": "man",
              "path": "/nix/store/rbxpmzkqxaipqb56vshmfgvi8ssdyil1-ffmpeg-9.0-man",
              "default": true
            },
            {
              "name": "out",
              "path": "/nix/store/ddb2jpfg29x0xrj909mrhvl5kyi1nkpb-ffmpeg-9.0"
            },
            {
              "name": "data",
              "path": "/nix/store/n6cmzk5dyqz75yz085vxcd6g4fc5ybwh-ffmpeg-9.0-data"
            },
            {
              "name": "dev",
              "path": "/nix/store/11rhyii7fmbclmwzvzn9ifm6i5dr0hmi-ffmpeg-9.0-dev"
            },
            {
              "name": "doc",
              "path": "/nix/store/6plpp9ly6f0rhf1iqm5lwjcgnmca96q8-ffmpeg-9.0-doc"
            },
            {
              "name": "lib",
              "path": "/nix/store/bfggcc7w57hrcapykcwv2hngbfk1393i-ffmpeg-9.0-lib"
            }
          ],
          "store_path": "/nix/store/kz2l9iyiiy5n3gdsdhsbxasry95h6lhj-ffmpeg-9.0-bin"
        },
        "x86_64-linux": {
          "outputs": [
            {
              "name": "bin",
              "path": "/nix/store/qrzizdzzzqh4wzhz98szh78n2nmdm1d1-ffmpeg-9.0-bin",
              "default": true
            },
            {
              "name": "man",
              "path": "/nix/store/6rhk5lnda0bn8lxcj2lxj3rh21k6m511-ffmpeg-9.0-man",
              "default": true
            },
            {
              "name": "doc",
              "path": "/nix/store/h4vxy6j3n3bkmcwdrw1wlkhk7vh459y1-ffmpeg-9.0-doc"
            },
            {
              "name": "lib",
              "path": "/nix/store/byrrwp394d0hn6py4hbkjndnkqfw271c-ffmpeg-9.0-lib"
            },
            {
              "name": "out",
              "path": "/nix/store/1h9k415h3xs17dxq68afgfx1g06ahcp7-ffmpeg-9.0"
            },
            {
              "name": "data",
              "path": "/nix/store/cjwr2i0ydr3zf1zam06gqgfzzvni35g6-ffmpeg-9.0-data"
            },
            {
              "name": "dev",
              "path": "/nix/store/zi7hs9vvxgx6ld1lyyk6szswdy39xgmp-ffmpeg-9.0-dev"
            }
          ],
          "store_path": "/nix/store/qrzizdzzzqh4wzhz98szh78n2nmdm1d1-ffmpeg-9.0-bin"
        }
      }
    },
    "github:NixOS/nixpkgs/nixpkgs-unstable": {
      "last_modified": "2026-08-22T02:12:10Z",
      "resolved": "github:NixOS/nixpkgs/a831408e6378bc02ebf8cc09b52c96ca86f6bab4?lastModified=1787364730&narHash=sha256-NcYt9QJfpJiF1lAyN8BDPB4EeScbPU%2BEwQqPiBElrpU%3D"
    },
    "gjs@latest": {
      "last_modified": "2026-08-16T22:25:34Z",
      "resolved": "github:NixOS/nixpkgs/21e032ff95225fb81164a2b2b696c5f6841fcb62#gjs",
      "source": "devbox-search",
      "version": "1.88.1",
      "systems": {
        "aarch64-darwin": {
          "outputs": [
            {
              "name": "out",
              "path": "/nix/store/k8x7y74whnhdbpq44lc5507xb60v39si-gjs-1.88.1",
              "default": true
            },
            {
              "name": "dev",
              "path": "/nix/store/dqllwjm30zcv88cw754igkjcf9sxz9wp-gjs-1.88.1-dev"
            },
            {
              "name": "installedTests",
              "path": "/nix/store/4k8av5sky76y2bqm13mmzbqccxpqy3ml-gjs-1.88.1-installedTests"
            }
          ],
          "store_path": "/nix/store/k8x7y74whnhdbpq44lc5507xb60v39si-gjs-1.88.1"
        },
        "aarch64-linux": {
          "outputs": [
            {
              "name": "out",
              "path": "/nix/store/rj6ay5wnn26a2vxxkxwfqrjmd7flg48s-gjs-1.88.1",
              "default": true
            },
            {
              "name": "debug",
              "path": "/nix/store/xn3him97fz6ljk64hfds0mxrs6ga4xdp-gjs-1.88.1-debug"
            },
            {
              "name": "dev",
              "path": "/nix/store/07f14z758nqhr0ixa85nwrh00ng1hdrs-gjs-1.88.1-dev"
            },
            {
              "name": "installedTests",
              "path": "/nix/store/ijnwdyi3p8b9728n6xvk6wm79lvrivh4-gjs-1.88.1-installedTests"
            }
          ],
          "store_path": "/nix/store/rj6ay5wnn26a2vxxkxwfqrjmd7flg48s-gjs-1.88.1"
        },
        "x86_64-linux": {
          "outputs": [
            {
              "name": "out",
              "path": "/nix/store/6cbcf388naibm4hmqhqfabfkc92k67cl-gjs-1.88.1",
              "default": true
            },
            {
              "name": "debug",
              "path": "/nix/store/x2qz6vxcljjn9jqfgzxylpsibz3vy35s-gjs-1.88.1-debug"
            },
            {
              "name": "dev",
              "path": "/nix/store/c78qxl5algng7yk4hlz0azfnwgn93s15-gjs-1.88.1-dev"
            },
            {
              "name": "installedTests",
              "path": "/nix/store/yp5wiv0kprqv6kmkln3lyj0p3wv4rrpm-gjs-1.88.1-installedTests"
            }
          ],
          "store_path": "/nix/store/6cbcf388naibm4hmqhqfabfkc92k67cl-gjs-1.88.1"
        }
      }
    },
    "glib@latest": {
      "last_modified": "2026-08-14T15:04:01Z",
      "resolved": "github:NixOS/nixpkgs/8be7bd0c83f12e2e3bbba07c9044d6fed9e66f7f#glib",
      "source": "devbox-search",
      "version": "2.88.3",
      "systems": {
        "aarch64-darwin": {
          "outputs": [
            {
              "name": "bin",
              "path": "/nix/store/003z3nny4jpw1r6lrzh7bv9licdyirq4-glib-2.88.3-bin",
              "default": true
            },
            {
              "name": "devdoc",
              "path": "/nix/store/hwwallyvrajviii6g08iprr7h98wlbgg-glib-2.88.3-devdoc"
            },
            {
              "name": "out",
              "path": "/nix/store/9wv825aw625wbjjv0kxpwv1v6gdnvfx2-glib-2.88.3"
            },
            {
              "name": "dev",
              "path": "/nix/store/pnf0y6nwz7j18b8mqjpmf48ww8h9357d-glib-2.88.3-dev"
            }
          ],
          "store_path": "/nix/store/003z3nny4jpw1r6lrzh7bv9licdyirq4-glib-2.88.3-bin"
        },
        "aarch64-linux": {
          "outputs": [
            {
              "name": "bin",
              "path": "/nix/store/jk4bf13spkqis8p0djz9qpi152qzh6sp-glib-2.88.3-bin",
              "default": true
            },
            {
              "name": "debug",
              "path": "/nix/store/a5ac79anrvm0b56dpida113dqzsbvggx-glib-2.88.3-debug"
            },
            {
              "name": "dev",
              "path": "/nix/store/yip89xn7mb3mzsrj77bffxj0idz3kr1k-glib-2.88.3-dev"
            },
            {
              "name": "devdoc",
              "path": "/nix/store/2y16zjjgczs97gkigdcqs6y7kfqvg2rp-glib-2.88.3-devdoc"
            },
            {
              "name": "out",
              "path": "/nix/store/z90qxq32ss488dazcqwvnjq7sgabqcxs-glib-2.88.3"
            }
          ],
          "store_path": "/nix/store/jk4bf13spkqis8p0djz9qpi152qzh6sp-glib-2.88.3-bin"
        },
        "x86_64-linux": {
          "outputs": [
            {
              "name": "bin",
              "path": "/nix/store/c6p0n1xsd7zj2dnxm2d4m85nx5fgbjbj-glib-2.88.3-bin",
              "default": true
            },
            {
              "name": "debug",
              "path": "/nix/store/3x4gr68f65h79ax5b41nfyxidamh2qkn-glib-2.88.3-debug"
            },
            {
              "name": "dev",
              "path": "/nix/store/lfrjb7zz2g8mkm1g1jjg2hxwd1crryf6-glib-2.88.3-dev"
            },
            {
              "name": "devdoc",
              "path": "/nix/store/5g91yi4j9is1iwmva1vslpabczhpl35w-glib-2.88.3-devdoc"
            },
            {
              "name": "out",
              "path": "/nix/store/msrf7lbwkxmzw9igyxjbhz9qc8097yvc-glib-2.88.3"
            }
          ],
          "store_path": "/nix/store/c6p0n1xsd7zj2dnxm2d4m85nx5fgbjbj-glib-2.88.3-bin"
        }
      }
    },
    "just@latest": {
      "last_modified": "2026-08-12T11:28:58Z",
      "resolved": "github:NixOS/nixpkgs/044bfe75bfe4c7bbe043dc17b5e42ea823b84a09#just",
      "source": "devbox-search",
      "version": "1.58.0",
      "systems": {
        "aarch64-darwin": {
          "outputs": [
            {
              "name": "out",
              "path": "/nix/store/81jjd00c3favpnbqykknj8b38xv3xwag-just-1.58.0",
              "default": true
            },
            {
              "name": "man",
              "path": "/nix/store/prvq39qv9jhvxmc0x680llzi9yhdhxf2-just-1.58.0-man",
              "default": true
            },
            {
              "name": "doc",
              "path": "/nix/store/l0921qb0dmgqf7lv8wkrgnh9hwy45ilb-just-1.58.0-doc"
            }
          ],
          "store_path": "/nix/store/81jjd00c3favpnbqykknj8b38xv3xwag-just-1.58.0"
        },
        "aarch64-linux": {
          "outputs": [
            {
              "name": "out",
              "path": "/nix/store/25882ybvr2ynzgjmkzg65ajpk5pj0s9m-just-1.58.0",
              "default": true
            },
            {
              "name": "man",
              "path": "/nix/store/z6hgngkqhidw2rzmwssf5x4wa7043rpn-just-1.58.0-man",
              "default": true
            },
            {
              "name": "doc",
              "path": "/nix/store/qz7crf5iz73jmzs879hw4vnr62ilh4z1-just-1.58.0-doc"
            }
          ],
          "store_path": "/nix/store/25882ybvr2ynzgjmkzg65ajpk5pj0s9m-just-1.58.0"
        },
        "x86_64-linux": {
          "outputs": [
            {
              "name": "out",
              "path": "/nix/store/ni2dxycnhsp34y4qy6q44nw6pp6bj0l0-just-1.58.0",
              "default": true
            },
            {
              "name": "man",
              "path": "/nix/store/q3qkl9qssss7df0kj0p15an4rg95f5bs-just-1.58.0-man",
              "default": true
            },
            {
              "name": "doc",
              "path": "/nix/store/wwvfc48y4iiavjys7mf5ixnqh0gil0r8-just-1.58.0-doc"
            }
          ],
          "store_path": "/nix/store/ni2dxycnhsp34y4qy6q44nw6pp6bj0l0-just-1.58.0"
        }
      }
    },
    "librsvg@latest": {
      "last_modified": "2026-08-12T11:28:58Z",
      "resolved": "github:NixOS/nixpkgs/044bfe75bfe4c7bbe043dc17b5e42ea823b84a09#librsvg",
      "source": "devbox-search",
      "version": "2.62.3",
      "systems": {
        "aarch64-darwin": {
          "outputs": [
            {
              "name": "out",
              "path": "/nix/store/hgx8p7zbscg55knamhzfpg21g07jgpxl-librsvg-2.62.3",
              "default": true
            },
            {
              "name": "devdoc",
              "path": "/nix/store/hvhjbw80wl8by28lvqix7sxrcf47p3zb-librsvg-2.62.3-devdoc"
            },
            {
              "name": "dev",
              "path": "/nix/store/fvlbi1zidw9kgiw03sl68lxladagl9al-librsvg-2.62.3-dev"
            }
          ],
          "store_path": "/nix/store/hgx8p7zbscg55knamhzfpg21g07jgpxl-librsvg-2.62.3"
        },
        "aarch64-linux": {
          "outputs": [
            {
              "name": "out",
              "path": "/nix/store/qgh5c5f6g0mgiqcr1r2v5mqvkc2v8ifx-librsvg-2.62.3",
              "default": true
            },
            {
              "name": "dev",
              "path": "/nix/store/nvdrbfg43s78shjbr6is7jjdh2j8apym-librsvg-2.62.3-dev"
            },
            {
              "name": "devdoc",
              "path": "/nix/store/sqgq1pk9yfj35nihxzb9ppy1px55xlr9-librsvg-2.62.3-devdoc"
            }
          ],
          "store_path": "/nix/store/qgh5c5f6g0mgiqcr1r2v5mqvkc2v8ifx-librsvg-2.62.3"
        },
        "x86_64-linux": {
          "outputs": [
            {
              "name": "out",
              "path": "/nix/store/4a5gbd2plkgaracgpq2rph426ljb24ps-librsvg-2.62.3",
              "default": true
            },
            {
              "name": "dev",
              "path": "/nix/store/g4l2wcwx7x5gsj14yfgw278d0a92mjzj-librsvg-2.62.3-dev"
            },
            {
              "name": "devdoc",
              "path": "/nix/store/plvsj1arc2l3rc87l2crq9ja3xyfy4sl-librsvg-2.62.3-devdoc"
            }
          ],
          "store_path": "/nix/store/4a5gbd2plkgaracgpq2rph426ljb24ps-librsvg-2.62.3"
        }
      }
    },
    "zip@latest": {
      "last_modified": "2026-08-12T11:28:58Z",
      "resolved": "github:NixOS/nixpkgs/044bfe75bfe4c7bbe043dc17b5e42ea823b84a09#zip",
      "source": "devbox-search",
      "version": "3.0",
      "systems": {
        "aarch64-darwin": {
          "outputs": [
            {
              "name": "out",
              "path": "/nix/store/2f73s3h7686mbz568kls2x67k52irbh8-zip-3.0",
              "default": true
            }
          ],
          "store_path": "/nix/store/2f73s3h7686mbz568kls2x67k52irbh8-zip-3.0"
        },
        "aarch64-linux": {
          "outputs": [
            {
              "name": "out",
              "path": "/nix/store/bnaay100k2fqivldmadhcv2mdzcgw6q5-zip-3.0",
              "default": true
            }
          ],
          "store_path": "/nix/store/bnaay100k2fqivldmadhcv2mdzcgw6q5-zip-3.0"
        },
        "x86_64-darwin": {
          "outputs": [
            {
              "name": "out",
              "path": "/nix/store/skd0qiryfvd66k6qa9dmign05hvlqqpj-zip-3.0",
              "default": true
            }
          ],
          "store_path": "/nix/store/skd0qiryfvd66k6qa9dmign05hvlqqpj-zip-3.0"
        },
        "x86_64-linux": {
          "outputs": [
            {
              "name": "out",
              "path": "/nix/store/nkvg1zwy7k1x44k4jlr58z9xkkgwcgcv-zip-3.0",
              "default": true
            }
          ],
          "store_path": "/nix/store/nkvg1zwy7k1x44k4jlr58z9xkkgwcgcv-zip-3.0"
        }
      }
    }
  }
}
